
Microsoft Visual Studio Solution File, Format Version 12.00
# Visual Studio Version 17
VisualStudioVersion = 17.5.33414.496
MinimumVisualStudioVersion = 10.0.40219.1
Project("{FAE04EC0-301F-11D3-BF4B-00C04F79EFBC}") = "P01ORMWstep", "P01ORMWstep\P01ORMWstep.csproj", "{CD89CD09-0ADA-41ED-BF0F-7D89E8F0C7B0}"
EndProject
Project("{FAE04EC0-301F-11D3-BF4B-00C04F79EFBC}") = "P02OperacjeCRUD", "P02OperacjeCRUD\P02OperacjeCRUD.csproj", "{E780343A-B75D-4192-94EB-E87B7AE36668}"
EndProject
Project("{FAE04EC0-301F-11D3-BF4B-00C04F79EFBC}") = "P02Biblioteka", "P02Biblioteka\P02Biblioteka.csproj", "{FA76FA6B-1B27-4759-A7E0-1DB08693D9FC}"
EndProject
Project("{FAE04EC0-301F-11D3-BF4B-00C04F79EFBC}") = "P05AplikacjaZawodnicy", "P05AplikacjaZawodnicy\P05AplikacjaZawodnicy.csproj", "{63E6D40C-9CDA-42EB-8220-32768E9C133D}"
EndProject
Global
	GlobalSection(SolutionConfigurationPlatforms) = preSolution
		Debug|Any CPU = Debug|Any CPU
		Release|Any CPU = Release|Any CPU
	EndGlobalSection
	GlobalSection(ProjectConfigurationPlatforms) = postSolution
		{CD89CD09-0ADA-41ED-BF0F-7D89E8F0C7B0}.Debug|Any CPU.ActiveCfg = Debug|Any CPU
		{CD89CD09-0ADA-41ED-BF0F-7D89E8F0C7B0}.Debug|Any CPU.Build.0 = Debug|Any CPU
		{CD89CD09-0ADA-41ED-BF0F-7D89E8F0C7B0}.Release|Any CPU.ActiveCfg = Release|Any CPU
		{CD89CD09-0ADA-41ED-BF0F-7D89E8F0C7B0}.Release|Any CPU.Build.0 = Release|Any CPU
		{E780343A-B75D-4192-94EB-E87B7AE36668}.Debug|Any CPU.ActiveCfg = Debug|Any CPU
		{E780343A-B75D-4192-94EB-E87B7AE36668}.Debug|Any CPU.Build.0 = Debug|Any CPU
		{E780343A-B75D-4192-94EB-E87B7AE36668}.Release|Any CPU.ActiveCfg = Release|Any CPU
		{E780343A-B75D-4192-94EB-E87B7AE36668}.Release|Any CPU.Build.0 = Release|Any CPU
		{FA76FA6B-1B27-4759-A7E0-1DB08693D9FC}.Debug|Any CPU.ActiveCfg = Debug|Any CPU
		{FA76FA6B-1B27-4759-A7E0-1DB08693D9FC}.Debug|Any CPU.Build.0 = Debug|Any CPU
		{FA76FA6B-1B27-4759-A7E0-1DB08693D9FC}.Release|Any CPU.ActiveCfg = Release|Any CPU
		{FA76FA6B-1B27-4759-A7E0-1DB08693D9FC}.Release|Any CPU.Build.0 = Release|Any CPU
		{63E6D40C-9CDA-42EB-8220-32768E9C133D}.Debug|Any CPU.ActiveCfg = Debug|Any CPU
		{63E6D40C-9CDA-42EB-8220-32768E9C133D}.Debug|Any CPU.Build.0 = Debug|Any CPU
		{63E6D40C-9CDA-42EB-8220-32768E9C133D}.Release|Any CPU.ActiveCfg = Release|Any CPU
		{63E6D40C-9CDA-42EB-8220-32768E9C133D}.Release|Any CPU.Build.0 = Release|Any CPU
	EndGlobalSection
	GlobalSection(SolutionProperties) = preSolution
		HideSolutionNode = FALSE
	EndGlobalSection
	GlobalSection(ExtensibilityGlobals) = postSolution
		SolutionGuid = {F9F6E431-8AD6-4909-90F6-D46FD3CDC492}
	EndGlobalSection
EndGlobal
